
Microsoft Visual Studio Solution File, Format Version 12.00
# Visual Studio Version 16
VisualStudioVersion = 16.0.30517.126
MinimumVisualStudioVersion = 10.0.40219.1
Project("{FAE04EC0-301F-11D3-BF4B-00C04F79EFBC}") = "WebApplicationLogin", "WebApplicationLogin\WebApplicationLogin.csproj", "{6A8DE004-FB39-47EE-89CA-30CB1A4DBE00}"
EndProject
Global
	GlobalSection(SolutionConfigurationPlatforms) = preSolution
		Debug|Any CPU = Debug|Any CPU
		Release|Any CPU = Release|Any CPU
	EndGlobalSection
	GlobalSection(ProjectConfigurationPlatforms) = postSolution
		{6A8DE004-FB39-47EE-89CA-30CB1A4DBE00}.Debug|Any CPU.ActiveCfg = Debug|Any CPU
		{6A8DE004-FB39-47EE-89CA-30CB1A4DBE00}.Debug|Any CPU.Build.0 = Debug|Any CPU
		{6A8DE004-FB39-47EE-89CA-30CB1A4DBE00}.Release|Any CPU.ActiveCfg = Release|Any CPU
		{6A8DE004-FB39-47EE-89CA-30CB1A4DBE00}.Release|Any CPU.Build.0 = Release|Any CPU
	EndGlobalSection
	GlobalSection(SolutionProperties) = preSolution
		HideSolutionNode = FALSE
	EndGlobalSection
	GlobalSection(ExtensibilityGlobals) = postSolution
		SolutionGuid = {2465D55A-AFB9-455A-B1EF-9DA505BCD714}
	EndGlobalSection
EndGlobal
